{
  "version": 4,
  "terraform_version": "0.12.5",
  "serial": 8,
  "lineage": "fd701edd-0f0d-b356-0967-5cdab0ff859c",
  "outputs": {},
  "resources": [
    {
      "mode": "managed",
      "type": "azurerm_network_interface",
      "name": "test",
      "provider": "provider.azurerm",
      "instances": [
        {
          "schema_version": 0,
          "attributes": {
            "applied_dns_servers": [],
            "dns_servers": [],
            "enable_accelerated_networking": false,
            "enable_ip_forwarding": false,
            "id": "/subscriptions/2c1549de-61b8-4d0f-b2ef-6738e1de5379/resourceGroups/hakim/providers/Microsoft.Network/networkInterfaces/acceptanceTestNetworkInterface1",
            "internal_dns_name_label": "",
            "internal_fqdn": "",
            "ip_configuration": [
              {
                "application_gateway_backend_address_pools_ids": [],
                "application_security_group_ids": [],
                "load_balancer_backend_address_pools_ids": [],
                "load_balancer_inbound_nat_rules_ids": [],
                "name": "testconfiguration1",
                "primary": true,
                "private_ip_address": "",
                "private_ip_address_allocation": "dynamic",
                "private_ip_address_version": "IPv4",
                "public_ip_address_id": "/subscriptions/2c1549de-61b8-4d0f-b2ef-6738e1de5379/resourceGroups/hakim/providers/Microsoft.Network/publicIPAddresses/hkpublicip",
                "subnet_id": "/subscriptions/2c1549de-61b8-4d0f-b2ef-6738e1de5379/resourceGroups/hakim/providers/Microsoft.Network/virtualNetworks/hakim-vnet/subnets/sharedservice-subnet"
              }
            ],
            "location": "southeastasia",
            "mac_address": "",
            "name": "acceptanceTestNetworkInterface1",
            "network_security_group_id": "",
            "private_ip_address": "10.0.1.4",
            "private_ip_addresses": [
              "10.0.1.4"
            ],
            "resource_group_name": "hakim",
            "tags": {},
            "virtual_machine_id": null
          },
          "private": "bnVsbA==",
          "depends_on": [
            "azurerm_public_ip.iptest",
            "azurerm_subnet.subnet1"
          ]
        }
      ]
    },
    {
      "mode": "managed",
      "type": "azurerm_public_ip",
      "name": "iptest",
      "provider": "provider.azurerm",
      "instances": [
        {
          "schema_version": 0,
          "attributes": {
            "allocation_method": "Static",
            "domain_name_label": null,
            "fqdn": null,
            "id": "/subscriptions/2c1549de-61b8-4d0f-b2ef-6738e1de5379/resourceGroups/hakim/providers/Microsoft.Network/publicIPAddresses/hkpublicip",
            "idle_timeout_in_minutes": 4,
            "ip_address": "52.187.35.208",
            "ip_version": "IPv4",
            "location": "southeastasia",
            "name": "hkpublicip",
            "public_ip_address_allocation": "Static",
            "public_ip_prefix_id": null,
            "resource_group_name": "hakim",
            "reverse_fqdn": null,
            "sku": "Basic",
            "tags": {},
            "zones": null
          },
          "private": "bnVsbA=="
        }
      ]
    },
    {
      "mode": "managed",
      "type": "azurerm_resource_group",
      "name": "rg",
      "provider": "provider.azurerm",
      "instances": [
        {
          "schema_version": 0,
          "attributes": {
            "id": "/subscriptions/2c1549de-61b8-4d0f-b2ef-6738e1de5379/resourceGroups/hakim",
            "location": "southeastasia",
            "name": "hakim",
            "tags": {}
          },
          "private": "bnVsbA=="
        }
      ]
    },
    {
      "mode": "managed",
      "type": "azurerm_storage_account",
      "name": "testsa",
      "provider": "provider.azurerm",
      "instances": [
        {
          "schema_version": 2,
          "attributes": {
            "access_tier": "",
            "account_encryption_source": "Microsoft.Storage",
            "account_kind": "Storage",
            "account_replication_type": "GRS",
            "account_tier": "Standard",
            "account_type": "Standard_GRS",
            "custom_domain": [],
            "enable_blob_encryption": true,
            "enable_file_encryption": true,
            "enable_https_traffic_only": false,
            "id": "/subscriptions/2c1549de-61b8-4d0f-b2ef-6738e1de5379/resourceGroups/hakim/providers/Microsoft.Storage/storageAccounts/hakimstorage",
            "identity": [],
            "is_hns_enabled": false,
            "location": "southeastasia",
            "name": "hakimstorage",
            "network_rules": [],
            "primary_access_key": "ToZj0WlDGACukBcchBmM2YtCmtCPJ3XsWSwN3sY3P7kjhr4Jxf8XcW2ioWx8PlY3xVTEOk3pfwPi8pis3bPcwA==",
            "primary_blob_connection_string": "DefaultEndpointsProtocol=https;BlobEndpoint=https://hakimstorage.blob.core.windows.net/;AccountName=hakimstorage;AccountKey=ToZj0WlDGACukBcchBmM2YtCmtCPJ3XsWSwN3sY3P7kjhr4Jxf8XcW2ioWx8PlY3xVTEOk3pfwPi8pis3bPcwA==",
            "primary_blob_endpoint": "https://hakimstorage.blob.core.windows.net/",
            "primary_blob_host": "hakimstorage.blob.core.windows.net",
            "primary_connection_string": "DefaultEndpointsProtocol=https;AccountName=hakimstorage;AccountKey=ToZj0WlDGACukBcchBmM2YtCmtCPJ3XsWSwN3sY3P7kjhr4Jxf8XcW2ioWx8PlY3xVTEOk3pfwPi8pis3bPcwA==;EndpointSuffix=core.windows.net",
            "primary_dfs_endpoint": "",
            "primary_dfs_host": "",
            "primary_file_endpoint": "https://hakimstorage.file.core.windows.net/",
            "primary_file_host": "hakimstorage.file.core.windows.net",
            "primary_location": "southeastasia",
            "primary_queue_endpoint": "https://hakimstorage.queue.core.windows.net/",
            "primary_queue_host": "hakimstorage.queue.core.windows.net",
            "primary_table_endpoint": "https://hakimstorage.table.core.windows.net/",
            "primary_table_host": "hakimstorage.table.core.windows.net",
            "primary_web_endpoint": "",
            "primary_web_host": "",
            "resource_group_name": "hakim",
            "secondary_access_key": "XDoMIa/Mt5D68JNV431+YbU5orE/zguUIAzJdLmzRQJwvPEsNfTLd+F6jEDZZDicS8aU9/AAqcng/el7BOEH9w==",
            "secondary_blob_connection_string": "",
            "secondary_blob_endpoint": null,
            "secondary_blob_host": null,
            "secondary_connection_string": "DefaultEndpointsProtocol=https;AccountName=hakimstorage;AccountKey=XDoMIa/Mt5D68JNV431+YbU5orE/zguUIAzJdLmzRQJwvPEsNfTLd+F6jEDZZDicS8aU9/AAqcng/el7BOEH9w==;EndpointSuffix=core.windows.net",
            "secondary_dfs_endpoint": null,
            "secondary_dfs_host": null,
            "secondary_file_endpoint": null,
            "secondary_file_host": null,
            "secondary_location": "eastasia",
            "secondary_queue_endpoint": null,
            "secondary_queue_host": null,
            "secondary_table_endpoint": null,
            "secondary_table_host": null,
            "secondary_web_endpoint": null,
            "secondary_web_host": null,
            "tags": {}
          },
          "private": "eyJzY2hlbWFfdmVyc2lvbiI6IjIifQ=="
        }
      ]
    },
    {
      "mode": "managed",
      "type": "azurerm_subnet",
      "name": "subnet1",
      "provider": "provider.azurerm",
      "instances": [
        {
          "schema_version": 0,
          "attributes": {
            "address_prefix": "10.0.1.0/24",
            "delegation": [],
            "id": "/subscriptions/2c1549de-61b8-4d0f-b2ef-6738e1de5379/resourceGroups/hakim/providers/Microsoft.Network/virtualNetworks/hakim-vnet/subnets/sharedservice-subnet",
            "ip_configurations": [],
            "name": "sharedservice-subnet",
            "network_security_group_id": "",
            "resource_group_name": "hakim",
            "route_table_id": "",
            "service_endpoints": null,
            "virtual_network_name": "hakim-vnet"
          },
          "private": "bnVsbA==",
          "depends_on": [
            "azurerm_virtual_network.mainvnet"
          ]
        }
      ]
    },
    {
      "mode": "managed",
      "type": "azurerm_virtual_machine",
      "name": "vm1",
      "provider": "provider.azurerm",
      "instances": [
        {
          "schema_version": 0,
          "attributes": {
            "availability_set_id": null,
            "boot_diagnostics": [
              {
                "enabled": true,
                "storage_uri": "https://hakimstorage.blob.core.windows.net/"
              }
            ],
            "delete_data_disks_on_termination": false,
            "delete_os_disk_on_termination": false,
            "id": "/subscriptions/2c1549de-61b8-4d0f-b2ef-6738e1de5379/resourceGroups/hakim/providers/Microsoft.Compute/virtualMachines/terraform-vm",
            "identity": [],
            "license_type": null,
            "location": "southeastasia",
            "name": "terraform-vm",
            "network_interface_ids": [
              "/subscriptions/2c1549de-61b8-4d0f-b2ef-6738e1de5379/resourceGroups/hakim/providers/Microsoft.Network/networkInterfaces/acceptanceTestNetworkInterface1"
            ],
            "os_profile": [
              {
                "admin_password": "",
                "admin_username": "testadmin",
                "computer_name": "hkvm01",
                "custom_data": ""
              }
            ],
            "os_profile_linux_config": [],
            "os_profile_secrets": [],
            "os_profile_windows_config": [
              {
                "additional_unattend_config": [],
                "enable_automatic_upgrades": false,
                "provision_vm_agent": true,
                "timezone": "",
                "winrm": []
              }
            ],
            "plan": [],
            "primary_network_interface_id": null,
            "resource_group_name": "hakim",
            "storage_data_disk": [],
            "storage_image_reference": [
              {
                "id": "",
                "offer": "WindowsServer",
                "publisher": "MicrosoftWindowsServer",
                "sku": "2016-Datacenter",
                "version": "latest"
              }
            ],
            "storage_os_disk": [
              {
                "caching": "ReadWrite",
                "create_option": "FromImage",
                "disk_size_gb": 127,
                "image_uri": "",
                "managed_disk_id": "/subscriptions/2c1549de-61b8-4d0f-b2ef-6738e1de5379/resourceGroups/hakim/providers/Microsoft.Compute/disks/vmdisk1",
                "managed_disk_type": "Standard_LRS",
                "name": "vmdisk1",
                "os_type": "Windows",
                "vhd_uri": "",
                "write_accelerator_enabled": false
              }
            ],
            "tags": {},
            "vm_size": "Standard_D2s_v3",
            "zones": null
          },
          "private": "bnVsbA==",
          "depends_on": [
            "azurerm_network_interface.test",
            "azurerm_storage_account.testsa"
          ]
        }
      ]
    },
    {
      "mode": "managed",
      "type": "azurerm_virtual_network",
      "name": "mainvnet",
      "provider": "provider.azurerm",
      "instances": [
        {
          "schema_version": 0,
          "attributes": {
            "address_space": [
              "10.0.0.0/16"
            ],
            "ddos_protection_plan": [],
            "dns_servers": null,
            "id": "/subscriptions/2c1549de-61b8-4d0f-b2ef-6738e1de5379/resourceGroups/hakim/providers/Microsoft.Network/virtualNetworks/hakim-vnet",
            "location": "southeastasia",
            "name": "hakim-vnet",
            "resource_group_name": "hakim",
            "subnet": [],
            "tags": {}
          },
          "private": "bnVsbA=="
        }
      ]
    }
  ]
}
